
Microsoft Visual Studio Solution File, Format Version 12.00
# Visual Studio Version 17
VisualStudioVersion = 17.9.34622.214
MinimumVisualStudioVersion = 10.0.40219.1
Project("{9A19103F-16F7-4668-BE54-9A1E7A4F7556}") = "Hackathon.ChatBot", "Hackathon.ChatBot.csproj", "{EC14CC98-583C-400B-9339-6C50036B6742}"
EndProject
Project("{FAE04EC0-301F-11D3-BF4B-00C04F79EFBC}") = "Hackathon.ChatBot.Code", "..\Hackathon.ChatBot.Code\Hackathon.ChatBot.Code.csproj", "{53D6B130-E3EB-4D3B-9DDE-8E6268B31689}"
EndProject
Global
	GlobalSection(SolutionConfigurationPlatforms) = preSolution
		Debug|Any CPU = Debug|Any CPU
		Release|Any CPU = Release|Any CPU
	EndGlobalSection
	GlobalSection(ProjectConfigurationPlatforms) = postSolution
		{EC14CC98-583C-400B-9339-6C50036B6742}.Debug|Any CPU.ActiveCfg = Debug|Any CPU
		{EC14CC98-583C-400B-9339-6C50036B6742}.Debug|Any CPU.Build.0 = Debug|Any CPU
		{EC14CC98-583C-400B-9339-6C50036B6742}.Release|Any CPU.ActiveCfg = Release|Any CPU
		{EC14CC98-583C-400B-9339-6C50036B6742}.Release|Any CPU.Build.0 = Release|Any CPU
		{53D6B130-E3EB-4D3B-9DDE-8E6268B31689}.Debug|Any CPU.ActiveCfg = Debug|Any CPU
		{53D6B130-E3EB-4D3B-9DDE-8E6268B31689}.Debug|Any CPU.Build.0 = Debug|Any CPU
		{53D6B130-E3EB-4D3B-9DDE-8E6268B31689}.Release|Any CPU.ActiveCfg = Release|Any CPU
		{53D6B130-E3EB-4D3B-9DDE-8E6268B31689}.Release|Any CPU.Build.0 = Release|Any CPU
	EndGlobalSection
	GlobalSection(SolutionProperties) = preSolution
		HideSolutionNode = FALSE
	EndGlobalSection
	GlobalSection(ExtensibilityGlobals) = postSolution
		SolutionGuid = {B3C6BE8B-3C82-48EF-9946-F677552DAE49}
	EndGlobalSection
EndGlobal
